# This file is automatically @generated by Cargo.
# It is not intended for manual editing.
version = 4

[[package]]
name = "cuberev-core"
version = "0.1.0"

[[package]]
name = "recovery-game-core"
version = "0.1.0"

[[package]]
name = "recovery-synthesis-core"
version = "0.1.0"
dependencies = [
 "cuberev-core",
 "recovery-game-core",
]

[[package]]
name = "search-geometry-core"
version = "0.1.0"
dependencies = [
 "cuberev-core",
]
